// !$*UTF8*$!
{
	archiveVersion = 1;
	classes = {
	};
	objectVersion = 50;
	objects = {

/* Begin PBXBuildFile section */
		288EC6A825515D8600DD0341 /* AppDelegate.swift in Sources */ = {isa = PBXBuildFile; fileRef = 288EC6A725515D8600DD0341 /* AppDelegate.swift */; };
		288EC6AA25515D8600DD0341 /* SceneDelegate.swift in Sources */ = {isa = PBXBuildFile; fileRef = 288EC6A925515D8600DD0341 /* SceneDelegate.swift */; };
		288EC6AF25515D8600DD0341 /* Main.storyboard in Resources */ = {isa = PBXBuildFile; fileRef = 288EC6AD25515D8600DD0341 /* Main.storyboard */; };
		288EC6B125515D8800DD0341 /* Assets.xcassets in Resources */ = {isa = PBXBuildFile; fileRef = 288EC6B025515D8800DD0341 /* Assets.xcassets */; };
		288EC6B425515D8800DD0341 /* LaunchScreen.storyboard in Resources */ = {isa = PBXBuildFile; fileRef = 288EC6B225515D8800DD0341 /* LaunchScreen.storyboard */; };
		288EC6BF25515D8800DD0341 /* TodosTests.swift in Sources */ = {isa = PBXBuildFile; fileRef = 288EC6BE25515D8800DD0341 /* TodosTests.swift */; };
		288EC6CA25515D8800DD0341 /* TodosUITests.swift in Sources */ = {isa = PBXBuildFile; fileRef = 288EC6C925515D8800DD0341 /* TodosUITests.swift */; };
		288EC6DB25515F4B00DD0341 /* TodosController.swift in Sources */ = {isa = PBXBuildFile; fileRef = 288EC6DA25515F4B00DD0341 /* TodosController.swift */; };
		288EC6EC2551664200DD0341 /* TodoCell.swift in Sources */ = {isa = PBXBuildFile; fileRef = 288EC6EB2551664200DD0341 /* TodoCell.swift */; };
		288EC6F125516E4F00DD0341 /* Todo.swift in Sources */ = {isa = PBXBuildFile; fileRef = 288EC6F025516E4F00DD0341 /* Todo.swift */; };
/* End PBXBuildFile section */

/* Begin PBXContainerItemProxy section */
		288EC6BB25515D8800DD0341 /* PBXContainerItemProxy */ = {
			isa = PBXContainerItemProxy;
			containerPortal = 288EC69C25515D8600DD0341 /* Project object */;
			proxyType = 1;
			remoteGlobalIDString = 288EC6A325515D8600DD0341;
			remoteInfo = Todos;
		};
		288EC6C625515D8800DD0341 /* PBXContainerItemProxy */ = {
			isa = PBXContainerItemProxy;
			containerPortal = 288EC69C25515D8600DD0341 /* Project object */;
			proxyType = 1;
			remoteGlobalIDString = 288EC6A325515D8600DD0341;
			remoteInfo = Todos;
		};
/* End PBXContainerItemProxy section */

/* Begin PBXFileReference section */
		288EC6A425515D8600DD0341 /* Todos.app */ = {isa = PBXFileReference; explicitFileType = wrapper.application; includeInIndex = 0; path = Todos.app; sourceTree = BUILT_PRODUCTS_DIR; };
		288EC6A725515D8600DD0341 /* AppDelegate.swift */ = {isa = PBXFileReference; lastKnownFileType = sourcecode.swift; path = AppDelegate.swift; sourceTree = "<group>"; };
		288EC6A925515D8600DD0341 /* SceneDelegate.swift */ = {isa = PBXFileReference; lastKnownFileType = sourcecode.swift; path = SceneDelegate.swift; sourceTree = "<group>"; };
		288EC6AE25515D8600DD0341 /* Base */ = {isa = PBXFileReference; lastKnownFileType = file.storyboard; name = Base; path = Base.lproj/Main.storyboard; sourceTree = "<group>"; };
		288EC6B025515D8800DD0341 /* Assets.xcassets */ = {isa = PBXFileReference; lastKnownFileType = folder.assetcatalog; path = Assets.xcassets; sourceTree = "<group>"; };
		288EC6B325515D8800DD0341 /* Base */ = {isa = PBXFileReference; lastKnownFileType = file.storyboard; name = Base; path = Base.lproj/LaunchScreen.storyboard; sourceTree = "<group>"; };
		288EC6B525515D8800DD0341 /* Info.plist */ = {isa = PBXFileReference; lastKnownFileType = text.plist.xml; path = Info.plist; sourceTree = "<group>"; };
		288EC6BA25515D8800DD0341 /* TodosTests.xctest */ = {isa = PBXFileReference; explicitFileType = wrapper.cfbundle; includeInIndex = 0; path = TodosTests.xctest; sourceTree = BUILT_PRODUCTS_DIR; };
		288EC6BE25515D8800DD0341 /* TodosTests.swift */ = {isa = PBXFileReference; lastKnownFileType = sourcecode.swift; path = TodosTests.swift; sourceTree = "<group>"; };
		288EC6C025515D8800DD0341 /* Info.plist */ = {isa = PBXFileReference; lastKnownFileType = text.plist.xml; path = Info.plist; sourceTree = "<group>"; };
		288EC6C525515D8800DD0341 /* TodosUITests.xctest */ = {isa = PBXFileReference; explicitFileType = wrapper.cfbundle; includeInIndex = 0; path = TodosUITests.xctest; sourceTree = BUILT_PRODUCTS_DIR; };
		288EC6C925515D8800DD0341 /* TodosUITests.swift */ = {isa = PBXFileReference; lastKnownFileType = sourcecode.swift; path = TodosUITests.swift; sourceTree = "<group>"; };
		288EC6CB25515D8800DD0341 /* Info.plist */ = {isa = PBXFileReference; lastKnownFileType = text.plist.xml; path = Info.plist; sourceTree = "<group>"; };
		288EC6DA25515F4B00DD0341 /* TodosController.swift */ = {isa = PBXFileReference; lastKnownFileType = sourcecode.swift; path = TodosController.swift; sourceTree = "<group>"; };
		288EC6EB2551664200DD0341 /* TodoCell.swift */ = {isa = PBXFileReference; lastKnownFileType = sourcecode.swift; path = TodoCell.swift; sourceTree = "<group>"; };
		288EC6F025516E4F00DD0341 /* Todo.swift */ = {isa = PBXFileReference; lastKnownFileType = sourcecode.swift; path = Todo.swift; sourceTree = "<group>"; };
/* End PBXFileReference section */

/* Begin PBXFrameworksBuildPhase section */
		288EC6A125515D8600DD0341 /* Frameworks */ = {
			isa = PBXFrameworksBuildPhase;
			buildActionMask = 2147483647;
			files = (
			);
			runOnlyForDeploymentPostprocessing = 0;
		};
		288EC6B725515D8800DD0341 /* Frameworks */ = {
			isa = PBXFrameworksBuildPhase;
			buildActionMask = 2147483647;
			files = (
			);
			runOnlyForDeploymentPostprocessing = 0;
		};
		288EC6C225515D8800DD0341 /* Frameworks */ = {
			isa = PBXFrameworksBuildPhase;
			buildActionMask = 2147483647;
			files = (
			);
			runOnlyForDeploymentPostprocessing = 0;
		};
/* End PBXFrameworksBuildPhase section */

/* Begin PBXGroup section */
		288EC69B25515D8600DD0341 = {
			isa = PBXGroup;
			children = (
				288EC6A625515D8600DD0341 /* Todos */,
				288EC6BD25515D8800DD0341 /* TodosTests */,
				288EC6C825515D8800DD0341 /* TodosUITests */,
				288EC6A525515D8600DD0341 /* Products */,
			);
			sourceTree = "<group>";
		};
		288EC6A525515D8600DD0341 /* Products */ = {
			isa = PBXGroup;
			children = (
				288EC6A425515D8600DD0341 /* Todos.app */,
				288EC6BA25515D8800DD0341 /* TodosTests.xctest */,
				288EC6C525515D8800DD0341 /* TodosUITests.xctest */,
			);
			name = Products;
			sourceTree = "<group>";
		};
		288EC6A625515D8600DD0341 /* Todos */ = {
			isa = PBXGroup;
			children = (
				288EC6E72551600C00DD0341 /* Model */,
				288EC6E225515FA900DD0341 /* Controller */,
				288EC6E625515FCE00DD0341 /* View */,
				288EC6A925515D8600DD0341 /* SceneDelegate.swift */,
				288EC6B025515D8800DD0341 /* Assets.xcassets */,
				288EC6B525515D8800DD0341 /* Info.plist */,
			);
			path = Todos;
			sourceTree = "<group>";
		};
		288EC6BD25515D8800DD0341 /* TodosTests */ = {
			isa = PBXGroup;
			children = (
				288EC6BE25515D8800DD0341 /* TodosTests.swift */,
				288EC6C025515D8800DD0341 /* Info.plist */,
			);
			path = TodosTests;
			sourceTree = "<group>";
		};
		288EC6C825515D8800DD0341 /* TodosUITests */ = {
			isa = PBXGroup;
			children = (
				288EC6C925515D8800DD0341 /* TodosUITests.swift */,
				288EC6CB25515D8800DD0341 /* Info.plist */,
			);
			path = TodosUITests;
			sourceTree = "<group>";
		};
		288EC6E225515FA900DD0341 /* Controller */ = {
			isa = PBXGroup;
			children = (
				288EC6A725515D8600DD0341 /* AppDelegate.swift */,
				288EC6DA25515F4B00DD0341 /* TodosController.swift */,
				288EC6EB2551664200DD0341 /* TodoCell.swift */,
			);
			path = Controller;
			sourceTree = "<group>";
		};
		288EC6E625515FCE00DD0341 /* View */ = {
			isa = PBXGroup;
			children = (
				288EC6AD25515D8600DD0341 /* Main.storyboard */,
				288EC6B225515D8800DD0341 /* LaunchScreen.storyboard */,
			);
			path = View;
			sourceTree = "<group>";
		};
		288EC6E72551600C00DD0341 /* Model */ = {
			isa = PBXGroup;
			children = (
				288EC6F025516E4F00DD0341 /* Todo.swift */,
			);
			path = Model;
			sourceTree = "<group>";
		};
/* End PBXGroup section */

/* Begin PBXNativeTarget section */
		288EC6A325515D8600DD0341 /* Todos */ = {
			isa = PBXNativeTarget;
			buildConfigurationList = 288EC6CE25515D8800DD0341 /* Build configuration list for PBXNativeTarget "Todos" */;
			buildPhases = (
				288EC6A025515D8600DD0341 /* Sources */,
				288EC6A125515D8600DD0341 /* Frameworks */,
				288EC6A225515D8600DD0341 /* Resources */,
			);
			buildRules = (
			);
			dependencies = (
			);
			name = Todos;
			productName = Todos;
			productReference = 288EC6A425515D8600DD0341 /* Todos.app */;
			productType = "com.apple.product-type.application";
		};
		288EC6B925515D8800DD0341 /* TodosTests */ = {
			isa = PBXNativeTarget;
			buildConfigurationList = 288EC6D125515D8800DD0341 /* Build configuration list for PBXNativeTarget "TodosTests" */;
			buildPhases = (
				288EC6B625515D8800DD0341 /* Sources */,
				288EC6B725515D8800DD0341 /* Frameworks */,
				288EC6B825515D8800DD0341 /* Resources */,
			);
			buildRules = (
			);
			dependencies = (
				288EC6BC25515D8800DD0341 /* PBXTargetDependency */,
			);
			name = TodosTests;
			productName = TodosTests;
			productReference = 288EC6BA25515D8800DD0341 /* TodosTests.xctest */;
			productType = "com.apple.product-type.bundle.unit-test";
		};
		288EC6C425515D8800DD0341 /* TodosUITests */ = {
			isa = PBXNativeTarget;
			buildConfigurationList = 288EC6D425515D8800DD0341 /* Build configuration list for PBXNativeTarget "TodosUITests" */;
			buildPhases = (
				288EC6C125515D8800DD0341 /* Sources */,
				288EC6C225515D8800DD0341 /* Frameworks */,
				288EC6C325515D8800DD0341 /* Resources */,
			);
			buildRules = (
			);
			dependencies = (
				288EC6C725515D8800DD0341 /* PBXTargetDependency */,
			);
			name = TodosUITests;
			productName = TodosUITests;
			productReference = 288EC6C525515D8800DD0341 /* TodosUITests.xctest */;
			productType = "com.apple.product-type.bundle.ui-testing";
		};
/* End PBXNativeTarget section */

/* Begin PBXProject section */
		288EC69C25515D8600DD0341 /* Project object */ = {
			isa = PBXProject;
			attributes = {
				LastSwiftUpdateCheck = 1220;
				LastUpgradeCheck = 1220;
				TargetAttributes = {
					288EC6A325515D8600DD0341 = {
						CreatedOnToolsVersion = 12.2;
					};
					288EC6B925515D8800DD0341 = {
						CreatedOnToolsVersion = 12.2;
						TestTargetID = 288EC6A325515D8600DD0341;
					};
					288EC6C425515D8800DD0341 = {
						CreatedOnToolsVersion = 12.2;
						TestTargetID = 288EC6A325515D8600DD0341;
					};
				};
			};
			buildConfigurationList = 288EC69F25515D8600DD0341 /* Build configuration list for PBXProject "Todos" */;
			compatibilityVersion = "Xcode 9.3";
			developmentRegion = en;
			hasScannedForEncodings = 0;
			knownRegions = (
				en,
				Base,
			);
			mainGroup = 288EC69B25515D8600DD0341;
			productRefGroup = 288EC6A525515D8600DD0341 /* Products */;
			projectDirPath = "";
			projectRoot = "";
			targets = (
				288EC6A325515D8600DD0341 /* Todos */,
				288EC6B925515D8800DD0341 /* TodosTests */,
				288EC6C425515D8800DD0341 /* TodosUITests */,
			);
		};
/* End PBXProject section */

/* Begin PBXResourcesBuildPhase section */
		288EC6A225515D8600DD0341 /* Resources */ = {
			isa = PBXResourcesBuildPhase;
			buildActionMask = 2147483647;
			files = (
				288EC6B425515D8800DD0341 /* LaunchScreen.storyboard in Resources */,
				288EC6B125515D8800DD0341 /* Assets.xcassets in Resources */,
				288EC6AF25515D8600DD0341 /* Main.storyboard in Resources */,
			);
			runOnlyForDeploymentPostprocessing = 0;
		};
		288EC6B825515D8800DD0341 /* Resources */ = {
			isa = PBXResourcesBuildPhase;
			buildActionMask = 2147483647;
			files = (
			);
			runOnlyForDeploymentPostprocessing = 0;
		};
		288EC6C325515D8800DD0341 /* Resources */ = {
			isa = PBXResourcesBuildPhase;
			buildActionMask = 2147483647;
			files = (
			);
			runOnlyForDeploymentPostprocessing = 0;
		};
/* End PBXResourcesBuildPhase section */

/* Begin PBXSourcesBuildPhase section */
		288EC6A025515D8600DD0341 /* Sources */ = {
			isa = PBXSourcesBuildPhase;
			buildActionMask = 2147483647;
			files = (
				288EC6DB25515F4B00DD0341 /* TodosController.swift in Sources */,
				288EC6A825515D8600DD0341 /* AppDelegate.swift in Sources */,
				288EC6AA25515D8600DD0341 /* SceneDelegate.swift in Sources */,
				288EC6EC2551664200DD0341 /* TodoCell.swift in Sources */,
				288EC6F125516E4F00DD0341 /* Todo.swift in Sources */,
			);
			runOnlyForDeploymentPostprocessing = 0;
		};
		288EC6B625515D8800DD0341 /* Sources */ = {
			isa = PBXSourcesBuildPhase;
			buildActionMask = 2147483647;
			files = (
				288EC6BF25515D8800DD0341 /* TodosTests.swift in Sources */,
			);
			runOnlyForDeploymentPostprocessing = 0;
		};
		288EC6C125515D8800DD0341 /* Sources */ = {
			isa = PBXSourcesBuildPhase;
			buildActionMask = 2147483647;
			files = (
				288EC6CA25515D8800DD0341 /* TodosUITests.swift in Sources */,
			);
			runOnlyForDeploymentPostprocessing = 0;
		};
/* End PBXSourcesBuildPhase section */

/* Begin PBXTargetDependency section */
		288EC6BC25515D8800DD0341 /* PBXTargetDependency */ = {
			isa = PBXTargetDependency;
			target = 288EC6A325515D8600DD0341 /* Todos */;
			targetProxy = 288EC6BB25515D8800DD0341 /* PBXContainerItemProxy */;
		};
		288EC6C725515D8800DD0341 /* PBXTargetDependency */ = {
			isa = PBXTargetDependency;
			target = 288EC6A325515D8600DD0341 /* Todos */;
			targetProxy = 288EC6C625515D8800DD0341 /* PBXContainerItemProxy */;
		};
/* End PBXTargetDependency section */

/* Begin PBXVariantGroup section */
		288EC6AD25515D8600DD0341 /* Main.storyboard */ = {
			isa = PBXVariantGroup;
			children = (
				288EC6AE25515D8600DD0341 /* Base */,
			);
			name = Main.storyboard;
			sourceTree = "<group>";
		};
		288EC6B225515D8800DD0341 /* LaunchScreen.storyboard */ = {
			isa = PBXVariantGroup;
			children = (
				288EC6B325515D8800DD0341 /* Base */,
			);
			name = LaunchScreen.storyboard;
			sourceTree = "<group>";
		};
/* End PBXVariantGroup section */

/* Begin XCBuildConfiguration section */
		288EC6CC25515D8800DD0341 /* Debug */ = {
			isa = XCBuildConfiguration;
			buildSettings = {
				ALWAYS_SEARCH_USER_PATHS = NO;
				CLANG_ANALYZER_NONNULL = YES;
				CLANG_ANALYZER_NUMBER_OBJECT_CONVERSION = YES_AGGRESSIVE;
				CLANG_CXX_LANGUAGE_STANDARD = "gnu++14";
				CLANG_CXX_LIBRARY = "libc++";
				CLANG_ENABLE_MODULES = YES;
				CLANG_ENABLE_OBJC_ARC = YES;
				CLANG_ENABLE_OBJC_WEAK = YES;
				CLANG_WARN_BLOCK_CAPTURE_AUTORELEASING = YES;
				CLANG_WARN_BOOL_CONVERSION = YES;
				CLANG_WARN_COMMA = YES;
				CLANG_WARN_CONSTANT_CONVERSION = YES;
				CLANG_WARN_DEPRECATED_OBJC_IMPLEMENTATIONS = YES;
				CLANG_WARN_DIRECT_OBJC_ISA_USAGE = YES_ERROR;
				CLANG_WARN_DOCUMENTATION_COMMENTS = YES;
				CLANG_WARN_EMPTY_BODY = YES;
				CLANG_WARN_ENUM_CONVERSION = YES;
				CLANG_WARN_INFINITE_RECURSION = YES;
				CLANG_WARN_INT_CONVERSION = YES;
				CLANG_WARN_NON_LITERAL_NULL_CONVERSION = YES;
				CLANG_WARN_OBJC_IMPLICIT_RETAIN_SELF = YES;
				CLANG_WARN_OBJC_LITERAL_CONVERSION = YES;
				CLANG_WARN_OBJC_ROOT_CLASS = YES_ERROR;
				CLANG_WARN_QUOTED_INCLUDE_IN_FRAMEWORK_HEADER = YES;
				CLANG_WARN_RANGE_LOOP_ANALYSIS = YES;
				CLANG_WARN_STRICT_PROTOTYPES = YES;
				CLANG_WARN_SUSPICIOUS_MOVE = YES;
				CLANG_WARN_UNGUARDED_AVAILABILITY = YES_AGGRESSIVE;
				CLANG_WARN_UNREACHABLE_CODE = YES;
				CLANG_WARN__DUPLICATE_METHOD_MATCH = YES;
				COPY_PHASE_STRIP = NO;
				DEBUG_INFORMATION_FORMAT = dwarf;
				ENABLE_STRICT_OBJC_MSGSEND = YES;
				ENABLE_TESTABILITY = YES;
				GCC_C_LANGUAGE_STANDARD = gnu11;
				GCC_DYNAMIC_NO_PIC = NO;
				GCC_NO_COMMON_BLOCKS = YES;
				GCC_OPTIMIZATION_LEVEL = 0;
				GCC_PREPROCESSOR_DEFINITIONS = (
					"DEBUG=1",
					"$(inherited)",
				);
				GCC_WARN_64_TO_32_BIT_CONVERSION = YES;
				GCC_WARN_ABOUT_RETURN_TYPE = YES_ERROR;
				GCC_WARN_UNDECLARED_SELECTOR = YES;
				GCC_WARN_UNINITIALIZED_AUTOS = YES_AGGRESSIVE;
				GCC_WARN_UNUSED_FUNCTION = YES;
				GCC_WARN_UNUSED_VARIABLE = YES;
				IPHONEOS_DEPLOYMENT_TARGET = 14.2;
				MTL_ENABLE_DEBUG_INFO = INCLUDE_SOURCE;
				MTL_FAST_MATH = YES;
				ONLY_ACTIVE_ARCH = YES;
				SDKROOT = iphoneos;
				SWIFT_ACTIVE_COMPILATION_CONDITIONS = DEBUG;
				SWIFT_OPTIMIZATION_LEVEL = "-Onone";
			};
			name = Debug;
		};
		288EC6CD25515D8800DD0341 /* Release */ = {
			isa = XCBuildConfiguration;
			buildSettings = {
				ALWAYS_SEARCH_USER_PATHS = NO;
				CLANG_ANALYZER_NONNULL = YES;
				CLANG_ANALYZER_NUMBER_OBJECT_CONVERSION = YES_AGGRESSIVE;
				CLANG_CXX_LANGUAGE_STANDARD = "gnu++14";
				CLANG_CXX_LIBRARY = "libc++";
				CLANG_ENABLE_MODULES = YES;
				CLANG_ENABLE_OBJC_ARC = YES;
				CLANG_ENABLE_OBJC_WEAK = YES;
				CLANG_WARN_BLOCK_CAPTURE_AUTORELEASING = YES;
				CLANG_WARN_BOOL_CONVERSION = YES;
				CLANG_WARN_COMMA = YES;
				CLANG_WARN_CONSTANT_CONVERSION = YES;
				CLANG_WARN_DEPRECATED_OBJC_IMPLEMENTATIONS = YES;
				CLANG_WARN_DIRECT_OBJC_ISA_USAGE = YES_ERROR;
				CLANG_WARN_DOCUMENTATION_COMMENTS = YES;
				CLANG_WARN_EMPTY_BODY = YES;
				CLANG_WARN_ENUM_CONVERSION = YES;
				CLANG_WARN_INFINITE_RECURSION = YES;
				CLANG_WARN_INT_CONVERSION = YES;
				CLANG_WARN_NON_LITERAL_NULL_CONVERSION = YES;
				CLANG_WARN_OBJC_IMPLICIT_RETAIN_SELF = YES;
				CLANG_WARN_OBJC_LITERAL_CONVERSION = YES;
				CLANG_WARN_OBJC_ROOT_CLASS = YES_ERROR;
				CLANG_WARN_QUOTED_INCLUDE_IN_FRAMEWORK_HEADER = YES;
				CLANG_WARN_RANGE_LOOP_ANALYSIS = YES;
				CLANG_WARN_STRICT_PROTOTYPES = YES;
				CLANG_WARN_SUSPICIOUS_MOVE = YES;
				CLANG_WARN_UNGUARDED_AVAILABILITY = YES_AGGRESSIVE;
				CLANG_WARN_UNREACHABLE_CODE = YES;
				CLANG_WARN__DUPLICATE_METHOD_MATCH = YES;
				COPY_PHASE_STRIP = NO;
				DEBUG_INFORMATION_FORMAT = "dwarf-with-dsym";
				ENABLE_NS_ASSERTIONS = NO;
				ENABLE_STRICT_OBJC_MSGSEND = YES;
				GCC_C_LANGUAGE_STANDARD = gnu11;
				GCC_NO_COMMON_BLOCKS = YES;
				GCC_WARN_64_TO_32_BIT_CONVERSION = YES;
				GCC_WARN_ABOUT_RETURN_TYPE = YES_ERROR;
				GCC_WARN_UNDECLARED_SELECTOR = YES;
				GCC_WARN_UNINITIALIZED_AUTOS = YES_AGGRESSIVE;
				GCC_WARN_UNUSED_FUNCTION = YES;
				GCC_WARN_UNUSED_VARIABLE = YES;
				IPHONEOS_DEPLOYMENT_TARGET = 14.2;
				MTL_ENABLE_DEBUG_INFO = NO;
				MTL_FAST_MATH = YES;
				SDKROOT = iphoneos;
				SWIFT_COMPILATION_MODE = wholemodule;
				SWIFT_OPTIMIZATION_LEVEL = "-O";
				VALIDATE_PRODUCT = YES;
			};
			name = Release;
		};
		288EC6CF25515D8800DD0341 /* Debug */ = {
			isa = XCBuildConfiguration;
			buildSettings = {
				ASSETCATALOG_COMPILER_APPICON_NAME = AppIcon;
				ASSETCATALOG_COMPILER_GLOBAL_ACCENT_COLOR_NAME = AccentColor;
				CODE_SIGN_STYLE = Automatic;
				DEVELOPMENT_TEAM = 3ZXN42TF4H;
				INFOPLIST_FILE = Todos/Info.plist;
				LD_RUNPATH_SEARCH_PATHS = (
					"$(inherited)",
					"@executable_path/Frameworks",
				);
				PRODUCT_BUNDLE_IDENTIFIER = xyz.wupupu.Todos;
				PRODUCT_NAME = "$(TARGET_NAME)";
				SWIFT_VERSION = 5.0;
				TARGETED_DEVICE_FAMILY = "1,2";
			};
			name = Debug;
		};
		288EC6D025515D8800DD0341 /* Release */ = {
			isa = XCBuildConfiguration;
			buildSettings = {
				ASSETCATALOG_COMPILER_APPICON_NAME = AppIcon;
				ASSETCATALOG_COMPILER_GLOBAL_ACCENT_COLOR_NAME = AccentColor;
				CODE_SIGN_STYLE = Automatic;
				DEVELOPMENT_TEAM = 3ZXN42TF4H;
				INFOPLIST_FILE = Todos/Info.plist;
				LD_RUNPATH_SEARCH_PATHS = (
					"$(inherited)",
					"@executable_path/Frameworks",
				);
				PRODUCT_BUNDLE_IDENTIFIER = xyz.wupupu.Todos;
				PRODUCT_NAME = "$(TARGET_NAME)";
				SWIFT_VERSION = 5.0;
				TARGETED_DEVICE_FAMILY = "1,2";
			};
			name = Release;
		};
		288EC6D225515D8800DD0341 /* Debug */ = {
			isa = XCBuildConfiguration;
			buildSettings = {
				ALWAYS_EMBED_SWIFT_STANDARD_LIBRARIES = YES;
				BUNDLE_LOADER = "$(TEST_HOST)";
				CODE_SIGN_STYLE = Automatic;
				DEVELOPMENT_TEAM = 3ZXN42TF4H;
				INFOPLIST_FILE = TodosTests/Info.plist;
				IPHONEOS_DEPLOYMENT_TARGET = 14.2;
				LD_RUNPATH_SEARCH_PATHS = (
					"$(inherited)",
					"@executable_path/Frameworks",
					"@loader_path/Frameworks",
				);
				PRODUCT_BUNDLE_IDENTIFIER = xyz.wupupu.TodosTests;
				PRODUCT_NAME = "$(TARGET_NAME)";
				SWIFT_VERSION = 5.0;
				TARGETED_DEVICE_FAMILY = "1,2";
				TEST_HOST = "$(BUILT_PRODUCTS_DIR)/Todos.app/Todos";
			};
			name = Debug;
		};
		288EC6D325515D8800DD0341 /* Release */ = {
			isa = XCBuildConfiguration;
			buildSettings = {
				ALWAYS_EMBED_SWIFT_STANDARD_LIBRARIES = YES;
				BUNDLE_LOADER = "$(TEST_HOST)";
				CODE_SIGN_STYLE = Automatic;
				DEVELOPMENT_TEAM = 3ZXN42TF4H;
				INFOPLIST_FILE = TodosTests/Info.plist;
				IPHONEOS_DEPLOYMENT_TARGET = 14.2;
				LD_RUNPATH_SEARCH_PATHS = (
					"$(inherited)",
					"@executable_path/Frameworks",
					"@loader_path/Frameworks",
				);
				PRODUCT_BUNDLE_IDENTIFIER = xyz.wupupu.TodosTests;
				PRODUCT_NAME = "$(TARGET_NAME)";
				SWIFT_VERSION = 5.0;
				TARGETED_DEVICE_FAMILY = "1,2";
				TEST_HOST = "$(BUILT_PRODUCTS_DIR)/Todos.app/Todos";
			};
			name = Release;
		};
		288EC6D525515D8800DD0341 /* Debug */ = {
			isa = XCBuildConfiguration;
			buildSettings = {
				ALWAYS_EMBED_SWIFT_STANDARD_LIBRARIES = YES;
				CODE_SIGN_STYLE = Automatic;
				DEVELOPMENT_TEAM = 3ZXN42TF4H;
				INFOPLIST_FILE = TodosUITests/Info.plist;
				LD_RUNPATH_SEARCH_PATHS = (
					"$(inherited)",
					"@executable_path/Frameworks",
					"@loader_path/Frameworks",
				);
				PRODUCT_BUNDLE_IDENTIFIER = xyz.wupupu.TodosUITests;
				PRODUCT_NAME = "$(TARGET_NAME)";
				SWIFT_VERSION = 5.0;
				TARGETED_DEVICE_FAMILY = "1,2";
				TEST_TARGET_NAME = Todos;
			};
			name = Debug;
		};
		288EC6D625515D8800DD0341 /* Release */ = {
			isa = XCBuildConfiguration;
			buildSettings = {
				ALWAYS_EMBED_SWIFT_STANDARD_LIBRARIES = YES;
				CODE_SIGN_STYLE = Automatic;
				DEVELOPMENT_TEAM = 3ZXN42TF4H;
				INFOPLIST_FILE = TodosUITests/Info.plist;
				LD_RUNPATH_SEARCH_PATHS = (
					"$(inherited)",
					"@executable_path/Frameworks",
					"@loader_path/Frameworks",
				);
				PRODUCT_BUNDLE_IDENTIFIER = xyz.wupupu.TodosUITests;
				PRODUCT_NAME = "$(TARGET_NAME)";
				SWIFT_VERSION = 5.0;
				TARGETED_DEVICE_FAMILY = "1,2";
				TEST_TARGET_NAME = Todos;
			};
			name = Release;
		};
/* End XCBuildConfiguration section */

/* Begin XCConfigurationList section */
		288EC69F25515D8600DD0341 /* Build configuration list for PBXProject "Todos" */ = {
			isa = XCConfigurationList;
			buildConfigurations = (
				288EC6CC25515D8800DD0341 /* Debug */,
				288EC6CD25515D8800DD0341 /* Release */,
			);
			defaultConfigurationIsVisible = 0;
			defaultConfigurationName = Release;
		};
		288EC6CE25515D8800DD0341 /* Build configuration list for PBXNativeTarget "Todos" */ = {
			isa = XCConfigurationList;
			buildConfigurations = (
				288EC6CF25515D8800DD0341 /* Debug */,
				288EC6D025515D8800DD0341 /* Release */,
			);
			defaultConfigurationIsVisible = 0;
			defaultConfigurationName = Release;
		};
		288EC6D125515D8800DD0341 /* Build configuration list for PBXNativeTarget "TodosTests" */ = {
			isa = XCConfigurationList;
			buildConfigurations = (
				288EC6D225515D8800DD0341 /* Debug */,
				288EC6D325515D8800DD0341 /* Release */,
			);
			defaultConfigurationIsVisible = 0;
			defaultConfigurationName = Release;
		};
		288EC6D425515D8800DD0341 /* Build configuration list for PBXNativeTarget "TodosUITests" */ = {
			isa = XCConfigurationList;
			buildConfigurations = (
				288EC6D525515D8800DD0341 /* Debug */,
				288EC6D625515D8800DD0341 /* Release */,
			);
			defaultConfigurationIsVisible = 0;
			defaultConfigurationName = Release;
		};
/* End XCConfigurationList section */
	};
	rootObject = 288EC69C25515D8600DD0341 /* Project object */;
}
